// !$*UTF8*$!
{
	archiveVersion = 1;
	classes = {
	};
	objectVersion = 77;
	objects = {

/* Begin PBXBuildFile section */
		C7DA8FC22D450B750004A4D7 /* WrappingHStack in Frameworks */ = {isa = PBXBuildFile; productRef = C7DA8FC12D450B750004A4D7 /* WrappingHStack */; };
		C7E7FC452D467CA600EE431E /* FaviconFinder in Frameworks */ = {isa = PBXBuildFile; productRef = C7E7FC442D467CA600EE431E /* FaviconFinder */; };
		C7F164E92D39516100966B49 /* Lowtech in Frameworks */ = {isa = PBXBuildFile; productRef = C7F164E82D39516100966B49 /* Lowtech */; };
		C7F164EB2D39516100966B49 /* LowtechIndie in Frameworks */ = {isa = PBXBuildFile; productRef = C7F164EA2D39516100966B49 /* LowtechIndie */; };
/* End PBXBuildFile section */

/* Begin PBXCopyFilesBuildPhase section */
		C7F164FC2D39642D00966B49 /* CopyFiles */ = {
			isa = PBXCopyFilesBuildPhase;
			buildActionMask = 2147483647;
			dstPath = ../Library/LaunchAgents;
			dstSubfolderSpec = 7;
			files = (
			);
			runOnlyForDeploymentPostprocessing = 0;
		};
/* End PBXCopyFilesBuildPhase section */

/* Begin PBXFileReference section */
		C7F164D52D3950FB00966B49 /* StartupFolder.app */ = {isa = PBXFileReference; explicitFileType = wrapper.application; includeInIndex = 0; path = StartupFolder.app; sourceTree = BUILT_PRODUCTS_DIR; };
/* End PBXFileReference section */

/* Begin PBXFileSystemSynchronizedBuildFileExceptionSet section */
		C7F164FB2D39638600966B49 /* Exceptions for "StartupFolder" folder in "StartupFolder" target */ = {
			isa = PBXFileSystemSynchronizedBuildFileExceptionSet;
			membershipExceptions = (
				com.lowtechguys.StartupFolder.plist,
				Info.plist,
			);
			target = C7F164D42D3950FB00966B49 /* StartupFolder */;
		};
/* End PBXFileSystemSynchronizedBuildFileExceptionSet section */

/* Begin PBXFileSystemSynchronizedGroupBuildPhaseMembershipExceptionSet section */
		C7F164FE2D39648B00966B49 /* Exceptions for "StartupFolder" folder in "Copy Files" phase from "StartupFolder" target */ = {
			isa = PBXFileSystemSynchronizedGroupBuildPhaseMembershipExceptionSet;
			buildPhase = C7F164FC2D39642D00966B49 /* CopyFiles */;
			membershipExceptions = (
				com.lowtechguys.StartupFolder.plist,
			);
		};
/* End PBXFileSystemSynchronizedGroupBuildPhaseMembershipExceptionSet section */

/* Begin PBXFileSystemSynchronizedRootGroup section */
		C7F164D72D3950FB00966B49 /* StartupFolder */ = {
			isa = PBXFileSystemSynchronizedRootGroup;
			exceptions = (
				C7F164FB2D39638600966B49 /* Exceptions for "StartupFolder" folder in "StartupFolder" target */,
				C7F164FE2D39648B00966B49 /* Exceptions for "StartupFolder" folder in "Copy Files" phase from "StartupFolder" target */,
			);
			path = StartupFolder;
			sourceTree = "<group>";
		};
/* End PBXFileSystemSynchronizedRootGroup section */

/* Begin PBXFrameworksBuildPhase section */
		C7F164D22D3950FB00966B49 /* Frameworks */ = {
			isa = PBXFrameworksBuildPhase;
			buildActionMask = 2147483647;
			files = (
				C7F164E92D39516100966B49 /* Lowtech in Frameworks */,
				C7DA8FC22D450B750004A4D7 /* WrappingHStack in Frameworks */,
				C7F164EB2D39516100966B49 /* LowtechIndie in Frameworks */,
				C7E7FC452D467CA600EE431E /* FaviconFinder in Frameworks */,
			);
			runOnlyForDeploymentPostprocessing = 0;
		};
/* End PBXFrameworksBuildPhase section */

/* Begin PBXGroup section */
		C7DA8FC02D450B750004A4D7 /* Frameworks */ = {
			isa = PBXGroup;
			children = (
			);
			name = Frameworks;
			sourceTree = "<group>";
		};
		C7F164CC2D3950FB00966B49 = {
			isa = PBXGroup;
			children = (
				C7F164D72D3950FB00966B49 /* StartupFolder */,
				C7DA8FC02D450B750004A4D7 /* Frameworks */,
				C7F164D62D3950FB00966B49 /* Products */,
			);
			sourceTree = "<group>";
		};
		C7F164D62D3950FB00966B49 /* Products */ = {
			isa = PBXGroup;
			children = (
				C7F164D52D3950FB00966B49 /* StartupFolder.app */,
			);
			name = Products;
			sourceTree = "<group>";
		};
/* End PBXGroup section */

/* Begin PBXNativeTarget section */
		C7F164D42D3950FB00966B49 /* StartupFolder */ = {
			isa = PBXNativeTarget;
			buildConfigurationList = C7F164E42D3950FC00966B49 /* Build configuration list for PBXNativeTarget "StartupFolder" */;
			buildPhases = (
				C7F164D12D3950FB00966B49 /* Sources */,
				C7F164D22D3950FB00966B49 /* Frameworks */,
				C7F164D32D3950FB00966B49 /* Resources */,
				C7F164FC2D39642D00966B49 /* CopyFiles */,
			);
			buildRules = (
			);
			dependencies = (
			);
			fileSystemSynchronizedGroups = (
				C7F164D72D3950FB00966B49 /* StartupFolder */,
			);
			name = StartupFolder;
			packageProductDependencies = (
				C7F164E82D39516100966B49 /* Lowtech */,
				C7F164EA2D39516100966B49 /* LowtechIndie */,
				C7DA8FC12D450B750004A4D7 /* WrappingHStack */,
				C7E7FC442D467CA600EE431E /* FaviconFinder */,
			);
			productName = StartupFolder;
			productReference = C7F164D52D3950FB00966B49 /* StartupFolder.app */;
			productType = "com.apple.product-type.application";
		};
/* End PBXNativeTarget section */

/* Begin PBXProject section */
		C7F164CD2D3950FB00966B49 /* Project object */ = {
			isa = PBXProject;
			attributes = {
				BuildIndependentTargetsInParallel = 1;
				LastSwiftUpdateCheck = 1620;
				LastUpgradeCheck = 1620;
				TargetAttributes = {
					C7F164D42D3950FB00966B49 = {
						CreatedOnToolsVersion = 16.2;
					};
				};
			};
			buildConfigurationList = C7F164D02D3950FB00966B49 /* Build configuration list for PBXProject "StartupFolder" */;
			developmentRegion = en;
			hasScannedForEncodings = 0;
			knownRegions = (
				en,
				Base,
			);
			mainGroup = C7F164CC2D3950FB00966B49;
			minimizedProjectReferenceProxies = 1;
			packageReferences = (
				C7F164E72D39516100966B49 /* XCRemoteSwiftPackageReference "Lowtech" */,
				C7F165052D450AF100966B49 /* XCRemoteSwiftPackageReference "WrappingHStack" */,
				C7F165053D450AF100966B50 /* XCRemoteSwiftPackageReference "Defaults" */,
				C7DA8FF82D467BA70004A4D7 /* XCRemoteSwiftPackageReference "FaviconFinder" */,
			);
			preferredProjectObjectVersion = 77;
			productRefGroup = C7F164D62D3950FB00966B49 /* Products */;
			projectDirPath = "";
			projectRoot = "";
			targets = (
				C7F164D42D3950FB00966B49 /* StartupFolder */,
			);
		};
/* End PBXProject section */

/* Begin PBXResourcesBuildPhase section */
		C7F164D32D3950FB00966B49 /* Resources */ = {
			isa = PBXResourcesBuildPhase;
			buildActionMask = 2147483647;
			files = (
			);
			runOnlyForDeploymentPostprocessing = 0;
		};
/* End PBXResourcesBuildPhase section */

/* Begin PBXSourcesBuildPhase section */
		C7F164D12D3950FB00966B49 /* Sources */ = {
			isa = PBXSourcesBuildPhase;
			buildActionMask = 2147483647;
			files = (
			);
			runOnlyForDeploymentPostprocessing = 0;
		};
/* End PBXSourcesBuildPhase section */

/* Begin XCBuildConfiguration section */
		C7F164E22D3950FC00966B49 /* Debug */ = {
			isa = XCBuildConfiguration;
			buildSettings = {
				ALWAYS_SEARCH_USER_PATHS = NO;
				ASSETCATALOG_COMPILER_GENERATE_SWIFT_ASSET_SYMBOL_EXTENSIONS = YES;
				CLANG_ANALYZER_NONNULL = YES;
				CLANG_ANALYZER_NUMBER_OBJECT_CONVERSION = YES_AGGRESSIVE;
				CLANG_CXX_LANGUAGE_STANDARD = "gnu++20";
				CLANG_ENABLE_MODULES = YES;
				CLANG_ENABLE_OBJC_ARC = YES;
				CLANG_ENABLE_OBJC_WEAK = YES;
				CLANG_WARN_BLOCK_CAPTURE_AUTORELEASING = YES;
				CLANG_WARN_BOOL_CONVERSION = YES;
				CLANG_WARN_COMMA = YES;
				CLANG_WARN_CONSTANT_CONVERSION = YES;
				CLANG_WARN_DEPRECATED_OBJC_IMPLEMENTATIONS = YES;
				CLANG_WARN_DIRECT_OBJC_ISA_USAGE = YES_ERROR;
				CLANG_WARN_DOCUMENTATION_COMMENTS = YES;
				CLANG_WARN_EMPTY_BODY = YES;
				CLANG_WARN_ENUM_CONVERSION = YES;
				CLANG_WARN_INFINITE_RECURSION = YES;
				CLANG_WARN_INT_CONVERSION = YES;
				CLANG_WARN_NON_LITERAL_NULL_CONVERSION = YES;
				CLANG_WARN_OBJC_IMPLICIT_RETAIN_SELF = YES;
				CLANG_WARN_OBJC_LITERAL_CONVERSION = YES;
				CLANG_WARN_OBJC_ROOT_CLASS = YES_ERROR;
				CLANG_WARN_QUOTED_INCLUDE_IN_FRAMEWORK_HEADER = YES;
				CLANG_WARN_RANGE_LOOP_ANALYSIS = YES;
				CLANG_WARN_STRICT_PROTOTYPES = YES;
				CLANG_WARN_SUSPICIOUS_MOVE = YES;
				CLANG_WARN_UNGUARDED_AVAILABILITY = YES_AGGRESSIVE;
				CLANG_WARN_UNREACHABLE_CODE = YES;
				CLANG_WARN__DUPLICATE_METHOD_MATCH = YES;
				COPY_PHASE_STRIP = NO;
				DEBUG_INFORMATION_FORMAT = dwarf;
				ENABLE_STRICT_OBJC_MSGSEND = YES;
				ENABLE_TESTABILITY = YES;
				ENABLE_USER_SCRIPT_SANDBOXING = YES;
				GCC_C_LANGUAGE_STANDARD = gnu17;
				GCC_DYNAMIC_NO_PIC = NO;
				GCC_NO_COMMON_BLOCKS = YES;
				GCC_OPTIMIZATION_LEVEL = 0;
				GCC_PREPROCESSOR_DEFINITIONS = (
					"DEBUG=1",
					"$(inherited)",
				);
				GCC_WARN_64_TO_32_BIT_CONVERSION = YES;
				GCC_WARN_ABOUT_RETURN_TYPE = YES_ERROR;
				GCC_WARN_UNDECLARED_SELECTOR = YES;
				GCC_WARN_UNINITIALIZED_AUTOS = YES_AGGRESSIVE;
				GCC_WARN_UNUSED_FUNCTION = YES;
				GCC_WARN_UNUSED_VARIABLE = YES;
				LOCALIZATION_PREFERS_STRING_CATALOGS = YES;
				MACOSX_DEPLOYMENT_TARGET = 15.2;
				MTL_ENABLE_DEBUG_INFO = INCLUDE_SOURCE;
				MTL_FAST_MATH = YES;
				ONLY_ACTIVE_ARCH = YES;
				SDKROOT = macosx;
				SWIFT_ACTIVE_COMPILATION_CONDITIONS = "DEBUG $(inherited)";
				SWIFT_OPTIMIZATION_LEVEL = "-Onone";
			};
			name = Debug;
		};
		C7F164E32D3950FC00966B49 /* Release */ = {
			isa = XCBuildConfiguration;
			buildSettings = {
				ALWAYS_SEARCH_USER_PATHS = NO;
				ASSETCATALOG_COMPILER_GENERATE_SWIFT_ASSET_SYMBOL_EXTENSIONS = YES;
				CLANG_ANALYZER_NONNULL = YES;
				CLANG_ANALYZER_NUMBER_OBJECT_CONVERSION = YES_AGGRESSIVE;
				CLANG_CXX_LANGUAGE_STANDARD = "gnu++20";
				CLANG_ENABLE_MODULES = YES;
				CLANG_ENABLE_OBJC_ARC = YES;
				CLANG_ENABLE_OBJC_WEAK = YES;
				CLANG_WARN_BLOCK_CAPTURE_AUTORELEASING = YES;
				CLANG_WARN_BOOL_CONVERSION = YES;
				CLANG_WARN_COMMA = YES;
				CLANG_WARN_CONSTANT_CONVERSION = YES;
				CLANG_WARN_DEPRECATED_OBJC_IMPLEMENTATIONS = YES;
				CLANG_WARN_DIRECT_OBJC_ISA_USAGE = YES_ERROR;
				CLANG_WARN_DOCUMENTATION_COMMENTS = YES;
				CLANG_WARN_EMPTY_BODY = YES;
				CLANG_WARN_ENUM_CONVERSION = YES;
				CLANG_WARN_INFINITE_RECURSION = YES;
				CLANG_WARN_INT_CONVERSION = YES;
				CLANG_WARN_NON_LITERAL_NULL_CONVERSION = YES;
				CLANG_WARN_OBJC_IMPLICIT_RETAIN_SELF = YES;
				CLANG_WARN_OBJC_LITERAL_CONVERSION = YES;
				CLANG_WARN_OBJC_ROOT_CLASS = YES_ERROR;
				CLANG_WARN_QUOTED_INCLUDE_IN_FRAMEWORK_HEADER = YES;
				CLANG_WARN_RANGE_LOOP_ANALYSIS = YES;
				CLANG_WARN_STRICT_PROTOTYPES = YES;
				CLANG_WARN_SUSPICIOUS_MOVE = YES;
				CLANG_WARN_UNGUARDED_AVAILABILITY = YES_AGGRESSIVE;
				CLANG_WARN_UNREACHABLE_CODE = YES;
				CLANG_WARN__DUPLICATE_METHOD_MATCH = YES;
				COPY_PHASE_STRIP = NO;
				DEBUG_INFORMATION_FORMAT = "dwarf-with-dsym";
				ENABLE_NS_ASSERTIONS = NO;
				ENABLE_STRICT_OBJC_MSGSEND = YES;
				ENABLE_USER_SCRIPT_SANDBOXING = YES;
				GCC_C_LANGUAGE_STANDARD = gnu17;
				GCC_NO_COMMON_BLOCKS = YES;
				GCC_WARN_64_TO_32_BIT_CONVERSION = YES;
				GCC_WARN_ABOUT_RETURN_TYPE = YES_ERROR;
				GCC_WARN_UNDECLARED_SELECTOR = YES;
				GCC_WARN_UNINITIALIZED_AUTOS = YES_AGGRESSIVE;
				GCC_WARN_UNUSED_FUNCTION = YES;
				GCC_WARN_UNUSED_VARIABLE = YES;
				LOCALIZATION_PREFERS_STRING_CATALOGS = YES;
				MACOSX_DEPLOYMENT_TARGET = 15.2;
				MTL_ENABLE_DEBUG_INFO = NO;
				MTL_FAST_MATH = YES;
				SDKROOT = macosx;
				SWIFT_COMPILATION_MODE = wholemodule;
			};
			name = Release;
		};
		C7F164E52D3950FC00966B49 /* Debug */ = {
			isa = XCBuildConfiguration;
			buildSettings = {
				ASSETCATALOG_COMPILER_APPICON_NAME = AppIcon;
				ASSETCATALOG_COMPILER_GLOBAL_ACCENT_COLOR_NAME = AccentColor;
				CODE_SIGN_ENTITLEMENTS = StartupFolder/StartupFolder.entitlements;
				CODE_SIGN_STYLE = Automatic;
				COMBINE_HIDPI_IMAGES = YES;
				CURRENT_PROJECT_VERSION = 1.1;
				DEVELOPMENT_ASSET_PATHS = "\"StartupFolder/Preview Content\"";
				DEVELOPMENT_TEAM = RDDXV84A73;
				ENABLE_HARDENED_RUNTIME = YES;
				ENABLE_PREVIEWS = YES;
				GENERATE_INFOPLIST_FILE = YES;
				INFOPLIST_FILE = StartupFolder/Info.plist;
				INFOPLIST_KEY_CFBundleDisplayName = StartupFolder;
				INFOPLIST_KEY_LSApplicationCategoryType = "public.app-category.utilities";
				INFOPLIST_KEY_NSHumanReadableCopyright = "";
				LD_RUNPATH_SEARCH_PATHS = (
					"$(inherited)",
					"@executable_path/../Frameworks",
				);
				MACOSX_DEPLOYMENT_TARGET = 14.0;
				MARKETING_VERSION = 1.1;
				PRODUCT_BUNDLE_IDENTIFIER = com.lowtechguys.StartupFolder;
				PRODUCT_NAME = "$(TARGET_NAME)";
				SWIFT_EMIT_LOC_STRINGS = YES;
				SWIFT_VERSION = 5.0;
			};
			name = Debug;
		};
		C7F164E62D3950FC00966B49 /* Release */ = {
			isa = XCBuildConfiguration;
			buildSettings = {
				ASSETCATALOG_COMPILER_APPICON_NAME = AppIcon;
				ASSETCATALOG_COMPILER_GLOBAL_ACCENT_COLOR_NAME = AccentColor;
				CODE_SIGN_ENTITLEMENTS = StartupFolder/StartupFolder.entitlements;
				CODE_SIGN_STYLE = Automatic;
				COMBINE_HIDPI_IMAGES = YES;
				CURRENT_PROJECT_VERSION = 1.1;
				DEVELOPMENT_ASSET_PATHS = "\"StartupFolder/Preview Content\"";
				DEVELOPMENT_TEAM = RDDXV84A73;
				ENABLE_HARDENED_RUNTIME = YES;
				ENABLE_PREVIEWS = YES;
				GENERATE_INFOPLIST_FILE = YES;
				INFOPLIST_FILE = StartupFolder/Info.plist;
				INFOPLIST_KEY_CFBundleDisplayName = StartupFolder;
				INFOPLIST_KEY_LSApplicationCategoryType = "public.app-category.utilities";
				INFOPLIST_KEY_NSHumanReadableCopyright = "";
				LD_RUNPATH_SEARCH_PATHS = (
					"$(inherited)",
					"@executable_path/../Frameworks",
				);
				MACOSX_DEPLOYMENT_TARGET = 14.0;
				MARKETING_VERSION = 1.1;
				PRODUCT_BUNDLE_IDENTIFIER = com.lowtechguys.StartupFolder;
				PRODUCT_NAME = "$(TARGET_NAME)";
				SWIFT_EMIT_LOC_STRINGS = YES;
				SWIFT_VERSION = 5.0;
			};
			name = Release;
		};
/* End XCBuildConfiguration section */

/* Begin XCConfigurationList section */
		C7F164D02D3950FB00966B49 /* Build configuration list for PBXProject "StartupFolder" */ = {
			isa = XCConfigurationList;
			buildConfigurations = (
				C7F164E22D3950FC00966B49 /* Debug */,
				C7F164E32D3950FC00966B49 /* Release */,
			);
			defaultConfigurationIsVisible = 0;
			defaultConfigurationName = Release;
		};
		C7F164E42D3950FC00966B49 /* Build configuration list for PBXNativeTarget "StartupFolder" */ = {
			isa = XCConfigurationList;
			buildConfigurations = (
				C7F164E52D3950FC00966B49 /* Debug */,
				C7F164E62D3950FC00966B49 /* Release */,
			);
			defaultConfigurationIsVisible = 0;
			defaultConfigurationName = Release;
		};
/* End XCConfigurationList section */

/* Begin XCRemoteSwiftPackageReference section */
		C7DA8FF82D467BA70004A4D7 /* XCRemoteSwiftPackageReference "FaviconFinder" */ = {
			isa = XCRemoteSwiftPackageReference;
			repositoryURL = "https://github.com/will-lumley/FaviconFinder";
			requirement = {
				kind = upToNextMajorVersion;
				minimumVersion = 5.1.4;
			};
		};
		C7F164E72D39516100966B49 /* XCRemoteSwiftPackageReference "Lowtech" */ = {
			isa = XCRemoteSwiftPackageReference;
			repositoryURL = "https://github.com/FuzzyIdeas/Lowtech";
			requirement = {
				branch = ventura;
				kind = branch;
			};
		};
		C7F165052D450AF100966B49 /* XCRemoteSwiftPackageReference "WrappingHStack" */ = {
			isa = XCRemoteSwiftPackageReference;
			repositoryURL = "https://github.com/ksemianov/WrappingHStack";
			requirement = {
				kind = upToNextMajorVersion;
				minimumVersion = 0.2.0;
			};
		};
		C7F165053D450AF100966B50 /* XCRemoteSwiftPackageReference "Defaults" */ = {
			isa = XCRemoteSwiftPackageReference;
			repositoryURL = "https://github.com/sindresorhus/Defaults";
			requirement = {
				kind = upToNextMajorVersion;
				minimumVersion = 7.0.0;
			};
		};
/* End XCRemoteSwiftPackageReference section */

/* Begin XCSwiftPackageProductDependency section */
		C7DA8FC12D450B750004A4D7 /* WrappingHStack */ = {
			isa = XCSwiftPackageProductDependency;
			package = C7F165052D450AF100966B49 /* XCRemoteSwiftPackageReference "WrappingHStack" */;
			productName = WrappingHStack;
		};
		C7E7FC442D467CA600EE431E /* FaviconFinder */ = {
			isa = XCSwiftPackageProductDependency;
			package = C7DA8FF82D467BA70004A4D7 /* XCRemoteSwiftPackageReference "FaviconFinder" */;
			productName = FaviconFinder;
		};
		C7F164E82D39516100966B49 /* Lowtech */ = {
			isa = XCSwiftPackageProductDependency;
			package = C7F164E72D39516100966B49 /* XCRemoteSwiftPackageReference "Lowtech" */;
			productName = Lowtech;
		};
		C7F164EA2D39516100966B49 /* LowtechIndie */ = {
			isa = XCSwiftPackageProductDependency;
			package = C7F164E72D39516100966B49 /* XCRemoteSwiftPackageReference "Lowtech" */;
			productName = LowtechIndie;
		};
/* End XCSwiftPackageProductDependency section */
	};
	rootObject = C7F164CD2D3950FB00966B49 /* Project object */;
}
